// !$*UTF8*$!
{
	archiveVersion = 1;
	classes = {
	};
	objectVersion = 56;
	objects = {

/* Begin PBXBuildFile section */
		B359680F2B03D989009DE517 /* NetworkManager.swift in Sources */ = {isa = PBXBuildFile; fileRef = B359680E2B03D989009DE517 /* NetworkManager.swift */; };
		B35968132B03DDCB009DE517 /* TableViewCell.swift in Sources */ = {isa = PBXBuildFile; fileRef = B35968122B03DDCB009DE517 /* TableViewCell.swift */; };
		B3E69DDA2AFE8DDF0072CE1D /* AppDelegate.swift in Sources */ = {isa = PBXBuildFile; fileRef = B3E69DD92AFE8DDF0072CE1D /* AppDelegate.swift */; };
		B3E69DDC2AFE8DDF0072CE1D /* SceneDelegate.swift in Sources */ = {isa = PBXBuildFile; fileRef = B3E69DDB2AFE8DDF0072CE1D /* SceneDelegate.swift */; };
		B3E69DE12AFE8DDF0072CE1D /* Main.storyboard in Resources */ = {isa = PBXBuildFile; fileRef = B3E69DDF2AFE8DDF0072CE1D /* Main.storyboard */; };
		B3E69DE32AFE8DE10072CE1D /* Assets.xcassets in Resources */ = {isa = PBXBuildFile; fileRef = B3E69DE22AFE8DE10072CE1D /* Assets.xcassets */; };
		B3E69DE62AFE8DE10072CE1D /* LaunchScreen.storyboard in Resources */ = {isa = PBXBuildFile; fileRef = B3E69DE42AFE8DE10072CE1D /* LaunchScreen.storyboard */; };
		B3E69DF72AFE9A480072CE1D /* infoViewController.swift in Sources */ = {isa = PBXBuildFile; fileRef = B3E69DF62AFE9A480072CE1D /* infoViewController.swift */; };
		B3E69DF92AFE9CD20072CE1D /* Drinks.swift in Sources */ = {isa = PBXBuildFile; fileRef = B3E69DF82AFE9CD20072CE1D /* Drinks.swift */; };
		B3E69E022AFECCFF0072CE1D /* MainViewController.swift in Sources */ = {isa = PBXBuildFile; fileRef = B3E69E012AFECCFF0072CE1D /* MainViewController.swift */; };
		B3E69E052AFED1440072CE1D /* LabelViewCell.swift in Sources */ = {isa = PBXBuildFile; fileRef = B3E69E042AFED1440072CE1D /* LabelViewCell.swift */; };
/* End PBXBuildFile section */

/* Begin PBXFileReference section */
		B359680E2B03D989009DE517 /* NetworkManager.swift */ = {isa = PBXFileReference; lastKnownFileType = sourcecode.swift; path = NetworkManager.swift; sourceTree = "<group>"; };
		B35968122B03DDCB009DE517 /* TableViewCell.swift */ = {isa = PBXFileReference; lastKnownFileType = sourcecode.swift; path = TableViewCell.swift; sourceTree = "<group>"; };
		B3E69DD62AFE8DDF0072CE1D /* AlcoholApp.app */ = {isa = PBXFileReference; explicitFileType = wrapper.application; includeInIndex = 0; path = AlcoholApp.app; sourceTree = BUILT_PRODUCTS_DIR; };
		B3E69DD92AFE8DDF0072CE1D /* AppDelegate.swift */ = {isa = PBXFileReference; lastKnownFileType = sourcecode.swift; path = AppDelegate.swift; sourceTree = "<group>"; };
		B3E69DDB2AFE8DDF0072CE1D /* SceneDelegate.swift */ = {isa = PBXFileReference; lastKnownFileType = sourcecode.swift; path = SceneDelegate.swift; sourceTree = "<group>"; };
		B3E69DE02AFE8DDF0072CE1D /* Base */ = {isa = PBXFileReference; lastKnownFileType = file.storyboard; name = Base; path = Base.lproj/Main.storyboard; sourceTree = "<group>"; };
		B3E69DE22AFE8DE10072CE1D /* Assets.xcassets */ = {isa = PBXFileReference; lastKnownFileType = folder.assetcatalog; path = Assets.xcassets; sourceTree = "<group>"; };
		B3E69DE52AFE8DE10072CE1D /* Base */ = {isa = PBXFileReference; lastKnownFileType = file.storyboard; name = Base; path = Base.lproj/LaunchScreen.storyboard; sourceTree = "<group>"; };
		B3E69DE72AFE8DE10072CE1D /* Info.plist */ = {isa = PBXFileReference; lastKnownFileType = text.plist.xml; path = Info.plist; sourceTree = "<group>"; };
		B3E69DF62AFE9A480072CE1D /* infoViewController.swift */ = {isa = PBXFileReference; lastKnownFileType = sourcecode.swift; path = infoViewController.swift; sourceTree = "<group>"; };
		B3E69DF82AFE9CD20072CE1D /* Drinks.swift */ = {isa = PBXFileReference; lastKnownFileType = sourcecode.swift; path = Drinks.swift; sourceTree = "<group>"; };
		B3E69E012AFECCFF0072CE1D /* MainViewController.swift */ = {isa = PBXFileReference; lastKnownFileType = sourcecode.swift; path = MainViewController.swift; sourceTree = "<group>"; };
		B3E69E042AFED1440072CE1D /* LabelViewCell.swift */ = {isa = PBXFileReference; lastKnownFileType = sourcecode.swift; path = LabelViewCell.swift; sourceTree = "<group>"; };
/* End PBXFileReference section */

/* Begin PBXFrameworksBuildPhase section */
		B3E69DD32AFE8DDF0072CE1D /* Frameworks */ = {
			isa = PBXFrameworksBuildPhase;
			buildActionMask = 2147483647;
			files = (
			);
			runOnlyForDeploymentPostprocessing = 0;
		};
/* End PBXFrameworksBuildPhase section */

/* Begin PBXGroup section */
		B359680D2B03D948009DE517 /* Services */ = {
			isa = PBXGroup;
			children = (
				B359680E2B03D989009DE517 /* NetworkManager.swift */,
			);
			path = Services;
			sourceTree = "<group>";
		};
		B3E69DCD2AFE8DDF0072CE1D = {
			isa = PBXGroup;
			children = (
				B3E69DD82AFE8DDF0072CE1D /* AlcoholApp */,
				B3E69DD72AFE8DDF0072CE1D /* Products */,
			);
			sourceTree = "<group>";
		};
		B3E69DD72AFE8DDF0072CE1D /* Products */ = {
			isa = PBXGroup;
			children = (
				B3E69DD62AFE8DDF0072CE1D /* AlcoholApp.app */,
			);
			name = Products;
			sourceTree = "<group>";
		};
		B3E69DD82AFE8DDF0072CE1D /* AlcoholApp */ = {
			isa = PBXGroup;
			children = (
				B3E69DF02AFE8E4D0072CE1D /* Resources */,
				B359680D2B03D948009DE517 /* Services */,
				B3E69E032AFED0FC0072CE1D /* Views */,
				B3E69DED2AFE8DFB0072CE1D /* Models */,
				B3E69DEE2AFE8E050072CE1D /* ViewControllers */,
				B3E69DEF2AFE8E300072CE1D /* Storyboards */,
				B3E69DF12AFE8E810072CE1D /* App */,
			);
			path = AlcoholApp;
			sourceTree = "<group>";
		};
		B3E69DED2AFE8DFB0072CE1D /* Models */ = {
			isa = PBXGroup;
			children = (
				B3E69DF82AFE9CD20072CE1D /* Drinks.swift */,
			);
			path = Models;
			sourceTree = "<group>";
		};
		B3E69DEE2AFE8E050072CE1D /* ViewControllers */ = {
			isa = PBXGroup;
			children = (
				B3E69DF62AFE9A480072CE1D /* infoViewController.swift */,
				B3E69E012AFECCFF0072CE1D /* MainViewController.swift */,
			);
			path = ViewControllers;
			sourceTree = "<group>";
		};
		B3E69DEF2AFE8E300072CE1D /* Storyboards */ = {
			isa = PBXGroup;
			children = (
				B3E69DE42AFE8DE10072CE1D /* LaunchScreen.storyboard */,
				B3E69DDF2AFE8DDF0072CE1D /* Main.storyboard */,
			);
			path = Storyboards;
			sourceTree = "<group>";
		};
		B3E69DF02AFE8E4D0072CE1D /* Resources */ = {
			isa = PBXGroup;
			children = (
				B3E69DE22AFE8DE10072CE1D /* Assets.xcassets */,
			);
			path = Resources;
			sourceTree = "<group>";
		};
		B3E69DF12AFE8E810072CE1D /* App */ = {
			isa = PBXGroup;
			children = (
				B3E69DE72AFE8DE10072CE1D /* Info.plist */,
				B3E69DDB2AFE8DDF0072CE1D /* SceneDelegate.swift */,
				B3E69DD92AFE8DDF0072CE1D /* AppDelegate.swift */,
			);
			path = App;
			sourceTree = "<group>";
		};
		B3E69E032AFED0FC0072CE1D /* Views */ = {
			isa = PBXGroup;
			children = (
				B3E69E042AFED1440072CE1D /* LabelViewCell.swift */,
				B35968122B03DDCB009DE517 /* TableViewCell.swift */,
			);
			path = Views;
			sourceTree = "<group>";
		};
/* End PBXGroup section */

/* Begin PBXNativeTarget section */
		B3E69DD52AFE8DDF0072CE1D /* AlcoholApp */ = {
			isa = PBXNativeTarget;
			buildConfigurationList = B3E69DEA2AFE8DE10072CE1D /* Build configuration list for PBXNativeTarget "AlcoholApp" */;
			buildPhases = (
				B3E69DD22AFE8DDF0072CE1D /* Sources */,
				B3E69DD32AFE8DDF0072CE1D /* Frameworks */,
				B3E69DD42AFE8DDF0072CE1D /* Resources */,
			);
			buildRules = (
			);
			dependencies = (
			);
			name = AlcoholApp;
			productName = AlcoholApp;
			productReference = B3E69DD62AFE8DDF0072CE1D /* AlcoholApp.app */;
			productType = "com.apple.product-type.application";
		};
/* End PBXNativeTarget section */

/* Begin PBXProject section */
		B3E69DCE2AFE8DDF0072CE1D /* Project object */ = {
			isa = PBXProject;
			attributes = {
				BuildIndependentTargetsInParallel = 1;
				LastSwiftUpdateCheck = 1500;
				LastUpgradeCheck = 1500;
				TargetAttributes = {
					B3E69DD52AFE8DDF0072CE1D = {
						CreatedOnToolsVersion = 15.0.1;
					};
				};
			};
			buildConfigurationList = B3E69DD12AFE8DDF0072CE1D /* Build configuration list for PBXProject "AlcoholApp" */;
			compatibilityVersion = "Xcode 14.0";
			developmentRegion = en;
			hasScannedForEncodings = 0;
			knownRegions = (
				en,
				Base,
			);
			mainGroup = B3E69DCD2AFE8DDF0072CE1D;
			productRefGroup = B3E69DD72AFE8DDF0072CE1D /* Products */;
			projectDirPath = "";
			projectRoot = "";
			targets = (
				B3E69DD52AFE8DDF0072CE1D /* AlcoholApp */,
			);
		};
/* End PBXProject section */

/* Begin PBXResourcesBuildPhase section */
		B3E69DD42AFE8DDF0072CE1D /* Resources */ = {
			isa = PBXResourcesBuildPhase;
			buildActionMask = 2147483647;
			files = (
				B3E69DE62AFE8DE10072CE1D /* LaunchScreen.storyboard in Resources */,
				B3E69DE32AFE8DE10072CE1D /* Assets.xcassets in Resources */,
				B3E69DE12AFE8DDF0072CE1D /* Main.storyboard in Resources */,
			);
			runOnlyForDeploymentPostprocessing = 0;
		};
/* End PBXResourcesBuildPhase section */

/* Begin PBXSourcesBuildPhase section */
		B3E69DD22AFE8DDF0072CE1D /* Sources */ = {
			isa = PBXSourcesBuildPhase;
			buildActionMask = 2147483647;
			files = (
				B3E69DF92AFE9CD20072CE1D /* Drinks.swift in Sources */,
				B35968132B03DDCB009DE517 /* TableViewCell.swift in Sources */,
				B3E69DDA2AFE8DDF0072CE1D /* AppDelegate.swift in Sources */,
				B3E69DF72AFE9A480072CE1D /* infoViewController.swift in Sources */,
				B359680F2B03D989009DE517 /* NetworkManager.swift in Sources */,
				B3E69DDC2AFE8DDF0072CE1D /* SceneDelegate.swift in Sources */,
				B3E69E022AFECCFF0072CE1D /* MainViewController.swift in Sources */,
				B3E69E052AFED1440072CE1D /* LabelViewCell.swift in Sources */,
			);
			runOnlyForDeploymentPostprocessing = 0;
		};
/* End PBXSourcesBuildPhase section */

/* Begin PBXVariantGroup section */
		B3E69DDF2AFE8DDF0072CE1D /* Main.storyboard */ = {
			isa = PBXVariantGroup;
			children = (
				B3E69DE02AFE8DDF0072CE1D /* Base */,
			);
			name = Main.storyboard;
			sourceTree = "<group>";
		};
		B3E69DE42AFE8DE10072CE1D /* LaunchScreen.storyboard */ = {
			isa = PBXVariantGroup;
			children = (
				B3E69DE52AFE8DE10072CE1D /* Base */,
			);
			name = LaunchScreen.storyboard;
			sourceTree = "<group>";
		};
/* End PBXVariantGroup section */

/* Begin XCBuildConfiguration section */
		B3E69DE82AFE8DE10072CE1D /* Debug */ = {
			isa = XCBuildConfiguration;
			buildSettings = {
				ALWAYS_SEARCH_USER_PATHS = NO;
				ASSETCATALOG_COMPILER_GENERATE_SWIFT_ASSET_SYMBOL_EXTENSIONS = YES;
				CLANG_ANALYZER_NONNULL = YES;
				CLANG_ANALYZER_NUMBER_OBJECT_CONVERSION = YES_AGGRESSIVE;
				CLANG_CXX_LANGUAGE_STANDARD = "gnu++20";
				CLANG_ENABLE_MODULES = YES;
				CLANG_ENABLE_OBJC_ARC = YES;
				CLANG_ENABLE_OBJC_WEAK = YES;
				CLANG_WARN_BLOCK_CAPTURE_AUTORELEASING = YES;
				CLANG_WARN_BOOL_CONVERSION = YES;
				CLANG_WARN_COMMA = YES;
				CLANG_WARN_CONSTANT_CONVERSION = YES;
				CLANG_WARN_DEPRECATED_OBJC_IMPLEMENTATIONS = YES;
				CLANG_WARN_DIRECT_OBJC_ISA_USAGE = YES_ERROR;
				CLANG_WARN_DOCUMENTATION_COMMENTS = YES;
				CLANG_WARN_EMPTY_BODY = YES;
				CLANG_WARN_ENUM_CONVERSION = YES;
				CLANG_WARN_INFINITE_RECURSION = YES;
				CLANG_WARN_INT_CONVERSION = YES;
				CLANG_WARN_NON_LITERAL_NULL_CONVERSION = YES;
				CLANG_WARN_OBJC_IMPLICIT_RETAIN_SELF = YES;
				CLANG_WARN_OBJC_LITERAL_CONVERSION = YES;
				CLANG_WARN_OBJC_ROOT_CLASS = YES_ERROR;
				CLANG_WARN_QUOTED_INCLUDE_IN_FRAMEWORK_HEADER = YES;
				CLANG_WARN_RANGE_LOOP_ANALYSIS = YES;
				CLANG_WARN_STRICT_PROTOTYPES = YES;
				CLANG_WARN_SUSPICIOUS_MOVE = YES;
				CLANG_WARN_UNGUARDED_AVAILABILITY = YES_AGGRESSIVE;
				CLANG_WARN_UNREACHABLE_CODE = YES;
				CLANG_WARN__DUPLICATE_METHOD_MATCH = YES;
				COPY_PHASE_STRIP = NO;
				DEBUG_INFORMATION_FORMAT = dwarf;
				ENABLE_STRICT_OBJC_MSGSEND = YES;
				ENABLE_TESTABILITY = YES;
				ENABLE_USER_SCRIPT_SANDBOXING = YES;
				GCC_C_LANGUAGE_STANDARD = gnu17;
				GCC_DYNAMIC_NO_PIC = NO;
				GCC_NO_COMMON_BLOCKS = YES;
				GCC_OPTIMIZATION_LEVEL = 0;
				GCC_PREPROCESSOR_DEFINITIONS = (
					"DEBUG=1",
					"$(inherited)",
				);
				GCC_WARN_64_TO_32_BIT_CONVERSION = YES;
				GCC_WARN_ABOUT_RETURN_TYPE = YES_ERROR;
				GCC_WARN_UNDECLARED_SELECTOR = YES;
				GCC_WARN_UNINITIALIZED_AUTOS = YES_AGGRESSIVE;
				GCC_WARN_UNUSED_FUNCTION = YES;
				GCC_WARN_UNUSED_VARIABLE = YES;
				IPHONEOS_DEPLOYMENT_TARGET = 17.0;
				LOCALIZATION_PREFERS_STRING_CATALOGS = YES;
				MTL_ENABLE_DEBUG_INFO = INCLUDE_SOURCE;
				MTL_FAST_MATH = YES;
				ONLY_ACTIVE_ARCH = YES;
				SDKROOT = iphoneos;
				SWIFT_ACTIVE_COMPILATION_CONDITIONS = "DEBUG $(inherited)";
				SWIFT_OPTIMIZATION_LEVEL = "-Onone";
			};
			name = Debug;
		};
		B3E69DE92AFE8DE10072CE1D /* Release */ = {
			isa = XCBuildConfiguration;
			buildSettings = {
				ALWAYS_SEARCH_USER_PATHS = NO;
				ASSETCATALOG_COMPILER_GENERATE_SWIFT_ASSET_SYMBOL_EXTENSIONS = YES;
				CLANG_ANALYZER_NONNULL = YES;
				CLANG_ANALYZER_NUMBER_OBJECT_CONVERSION = YES_AGGRESSIVE;
				CLANG_CXX_LANGUAGE_STANDARD = "gnu++20";
				CLANG_ENABLE_MODULES = YES;
				CLANG_ENABLE_OBJC_ARC = YES;
				CLANG_ENABLE_OBJC_WEAK = YES;
				CLANG_WARN_BLOCK_CAPTURE_AUTORELEASING = YES;
				CLANG_WARN_BOOL_CONVERSION = YES;
				CLANG_WARN_COMMA = YES;
				CLANG_WARN_CONSTANT_CONVERSION = YES;
				CLANG_WARN_DEPRECATED_OBJC_IMPLEMENTATIONS = YES;
				CLANG_WARN_DIRECT_OBJC_ISA_USAGE = YES_ERROR;
				CLANG_WARN_DOCUMENTATION_COMMENTS = YES;
				CLANG_WARN_EMPTY_BODY = YES;
				CLANG_WARN_ENUM_CONVERSION = YES;
				CLANG_WARN_INFINITE_RECURSION = YES;
				CLANG_WARN_INT_CONVERSION = YES;
				CLANG_WARN_NON_LITERAL_NULL_CONVERSION = YES;
				CLANG_WARN_OBJC_IMPLICIT_RETAIN_SELF = YES;
				CLANG_WARN_OBJC_LITERAL_CONVERSION = YES;
				CLANG_WARN_OBJC_ROOT_CLASS = YES_ERROR;
				CLANG_WARN_QUOTED_INCLUDE_IN_FRAMEWORK_HEADER = YES;
				CLANG_WARN_RANGE_LOOP_ANALYSIS = YES;
				CLANG_WARN_STRICT_PROTOTYPES = YES;
				CLANG_WARN_SUSPICIOUS_MOVE = YES;
				CLANG_WARN_UNGUARDED_AVAILABILITY = YES_AGGRESSIVE;
				CLANG_WARN_UNREACHABLE_CODE = YES;
				CLANG_WARN__DUPLICATE_METHOD_MATCH = YES;
				COPY_PHASE_STRIP = NO;
				DEBUG_INFORMATION_FORMAT = "dwarf-with-dsym";
				ENABLE_NS_ASSERTIONS = NO;
				ENABLE_STRICT_OBJC_MSGSEND = YES;
				ENABLE_USER_SCRIPT_SANDBOXING = YES;
				GCC_C_LANGUAGE_STANDARD = gnu17;
				GCC_NO_COMMON_BLOCKS = YES;
				GCC_WARN_64_TO_32_BIT_CONVERSION = YES;
				GCC_WARN_ABOUT_RETURN_TYPE = YES_ERROR;
				GCC_WARN_UNDECLARED_SELECTOR = YES;
				GCC_WARN_UNINITIALIZED_AUTOS = YES_AGGRESSIVE;
				GCC_WARN_UNUSED_FUNCTION = YES;
				GCC_WARN_UNUSED_VARIABLE = YES;
				IPHONEOS_DEPLOYMENT_TARGET = 17.0;
				LOCALIZATION_PREFERS_STRING_CATALOGS = YES;
				MTL_ENABLE_DEBUG_INFO = NO;
				MTL_FAST_MATH = YES;
				SDKROOT = iphoneos;
				SWIFT_COMPILATION_MODE = wholemodule;
				VALIDATE_PRODUCT = YES;
			};
			name = Release;
		};
		B3E69DEB2AFE8DE10072CE1D /* Debug */ = {
			isa = XCBuildConfiguration;
			buildSettings = {
				ASSETCATALOG_COMPILER_APPICON_NAME = AppIcon;
				ASSETCATALOG_COMPILER_GLOBAL_ACCENT_COLOR_NAME = AccentColor;
				CODE_SIGN_STYLE = Automatic;
				CURRENT_PROJECT_VERSION = 1;
				GENERATE_INFOPLIST_FILE = YES;
				INFOPLIST_FILE = AlcoholApp/App/Info.plist;
				INFOPLIST_KEY_UIApplicationSupportsIndirectInputEvents = YES;
				INFOPLIST_KEY_UILaunchStoryboardName = LaunchScreen;
				INFOPLIST_KEY_UIMainStoryboardFile = Main;
				INFOPLIST_KEY_UISupportedInterfaceOrientations_iPad = "UIInterfaceOrientationPortrait UIInterfaceOrientationPortraitUpsideDown UIInterfaceOrientationLandscapeLeft UIInterfaceOrientationLandscapeRight";
				INFOPLIST_KEY_UISupportedInterfaceOrientations_iPhone = "UIInterfaceOrientationPortrait UIInterfaceOrientationLandscapeLeft UIInterfaceOrientationLandscapeRight";
				LD_RUNPATH_SEARCH_PATHS = (
					"$(inherited)",
					"@executable_path/Frameworks",
				);
				MARKETING_VERSION = 1.0;
				PRODUCT_BUNDLE_IDENTIFIER = ru.swiftbook.AlcoholApp;
				PRODUCT_NAME = "$(TARGET_NAME)";
				SUPPORTED_PLATFORMS = "iphoneos iphonesimulator";
				SUPPORTS_MACCATALYST = NO;
				SUPPORTS_MAC_DESIGNED_FOR_IPHONE_IPAD = NO;
				SWIFT_EMIT_LOC_STRINGS = YES;
				SWIFT_VERSION = 5.0;
				TARGETED_DEVICE_FAMILY = 1;
			};
			name = Debug;
		};
		B3E69DEC2AFE8DE10072CE1D /* Release */ = {
			isa = XCBuildConfiguration;
			buildSettings = {
				ASSETCATALOG_COMPILER_APPICON_NAME = AppIcon;
				ASSETCATALOG_COMPILER_GLOBAL_ACCENT_COLOR_NAME = AccentColor;
				CODE_SIGN_STYLE = Automatic;
				CURRENT_PROJECT_VERSION = 1;
				GENERATE_INFOPLIST_FILE = YES;
				INFOPLIST_FILE = AlcoholApp/App/Info.plist;
				INFOPLIST_KEY_UIApplicationSupportsIndirectInputEvents = YES;
				INFOPLIST_KEY_UILaunchStoryboardName = LaunchScreen;
				INFOPLIST_KEY_UIMainStoryboardFile = Main;
				INFOPLIST_KEY_UISupportedInterfaceOrientations_iPad = "UIInterfaceOrientationPortrait UIInterfaceOrientationPortraitUpsideDown UIInterfaceOrientationLandscapeLeft UIInterfaceOrientationLandscapeRight";
				INFOPLIST_KEY_UISupportedInterfaceOrientations_iPhone = "UIInterfaceOrientationPortrait UIInterfaceOrientationLandscapeLeft UIInterfaceOrientationLandscapeRight";
				LD_RUNPATH_SEARCH_PATHS = (
					"$(inherited)",
					"@executable_path/Frameworks",
				);
				MARKETING_VERSION = 1.0;
				PRODUCT_BUNDLE_IDENTIFIER = ru.swiftbook.AlcoholApp;
				PRODUCT_NAME = "$(TARGET_NAME)";
				SUPPORTED_PLATFORMS = "iphoneos iphonesimulator";
				SUPPORTS_MACCATALYST = NO;
				SUPPORTS_MAC_DESIGNED_FOR_IPHONE_IPAD = NO;
				SWIFT_EMIT_LOC_STRINGS = YES;
				SWIFT_VERSION = 5.0;
				TARGETED_DEVICE_FAMILY = 1;
			};
			name = Release;
		};
/* End XCBuildConfiguration section */

/* Begin XCConfigurationList section */
		B3E69DD12AFE8DDF0072CE1D /* Build configuration list for PBXProject "AlcoholApp" */ = {
			isa = XCConfigurationList;
			buildConfigurations = (
				B3E69DE82AFE8DE10072CE1D /* Debug */,
				B3E69DE92AFE8DE10072CE1D /* Release */,
			);
			defaultConfigurationIsVisible = 0;
			defaultConfigurationName = Release;
		};
		B3E69DEA2AFE8DE10072CE1D /* Build configuration list for PBXNativeTarget "AlcoholApp" */ = {
			isa = XCConfigurationList;
			buildConfigurations = (
				B3E69DEB2AFE8DE10072CE1D /* Debug */,
				B3E69DEC2AFE8DE10072CE1D /* Release */,
			);
			defaultConfigurationIsVisible = 0;
			defaultConfigurationName = Release;
		};
/* End XCConfigurationList section */
	};
	rootObject = B3E69DCE2AFE8DDF0072CE1D /* Project object */;
}
